
Microsoft Visual Studio Solution File, Format Version 12.00
# Visual Studio 14
VisualStudioVersion = 14.0.25123.0
MinimumVisualStudioVersion = 10.0.40219.1
Project("{F2A71F9B-5D33-465A-A702-920D77279786}") = "Zad1", "Zad1\Zad1.fsproj", "{354BE8F4-EB37-457B-A29A-FB5704A03228}"
EndProject
Project("{F2A71F9B-5D33-465A-A702-920D77279786}") = "Zad2", "Zad2\Zad2.fsproj", "{10293717-DAB5-4CF1-8240-362660175023}"
EndProject
Project("{F2A71F9B-5D33-465A-A702-920D77279786}") = "Zad3", "Zad3\Zad3.fsproj", "{82E2A7E5-6E37-4B42-B771-C099B45629AA}"
EndProject
Project("{F2A71F9B-5D33-465A-A702-920D77279786}") = "ZadZal_E_1", "ZadZal_E_1\ZadZal_E_1.fsproj", "{EA5F1972-4AE3-4021-8789-47C51943E2D8}"
EndProject
Project("{F2A71F9B-5D33-465A-A702-920D77279786}") = "Zad4_Zaliczenie", "Zad4_Zaliczenie\Zad4_Zaliczenie.fsproj", "{5D32DF31-08E1-4955-8930-87504FEE1A74}"
EndProject
Global
	GlobalSection(SolutionConfigurationPlatforms) = preSolution
		Debug|Any CPU = Debug|Any CPU
		Release|Any CPU = Release|Any CPU
	EndGlobalSection
	GlobalSection(ProjectConfigurationPlatforms) = postSolution
		{354BE8F4-EB37-457B-A29A-FB5704A03228}.Debug|Any CPU.ActiveCfg = Debug|Any CPU
		{354BE8F4-EB37-457B-A29A-FB5704A03228}.Debug|Any CPU.Build.0 = Debug|Any CPU
		{354BE8F4-EB37-457B-A29A-FB5704A03228}.Release|Any CPU.ActiveCfg = Release|Any CPU
		{354BE8F4-EB37-457B-A29A-FB5704A03228}.Release|Any CPU.Build.0 = Release|Any CPU
		{10293717-DAB5-4CF1-8240-362660175023}.Debug|Any CPU.ActiveCfg = Debug|Any CPU
		{10293717-DAB5-4CF1-8240-362660175023}.Debug|Any CPU.Build.0 = Debug|Any CPU
		{10293717-DAB5-4CF1-8240-362660175023}.Release|Any CPU.ActiveCfg = Release|Any CPU
		{10293717-DAB5-4CF1-8240-362660175023}.Release|Any CPU.Build.0 = Release|Any CPU
		{82E2A7E5-6E37-4B42-B771-C099B45629AA}.Debug|Any CPU.ActiveCfg = Debug|Any CPU
		{82E2A7E5-6E37-4B42-B771-C099B45629AA}.Debug|Any CPU.Build.0 = Debug|Any CPU
		{82E2A7E5-6E37-4B42-B771-C099B45629AA}.Release|Any CPU.ActiveCfg = Release|Any CPU
		{82E2A7E5-6E37-4B42-B771-C099B45629AA}.Release|Any CPU.Build.0 = Release|Any CPU
		{EA5F1972-4AE3-4021-8789-47C51943E2D8}.Debug|Any CPU.ActiveCfg = Debug|Any CPU
		{EA5F1972-4AE3-4021-8789-47C51943E2D8}.Debug|Any CPU.Build.0 = Debug|Any CPU
		{EA5F1972-4AE3-4021-8789-47C51943E2D8}.Release|Any CPU.ActiveCfg = Release|Any CPU
		{EA5F1972-4AE3-4021-8789-47C51943E2D8}.Release|Any CPU.Build.0 = Release|Any CPU
		{5D32DF31-08E1-4955-8930-87504FEE1A74}.Debug|Any CPU.ActiveCfg = Debug|Any CPU
		{5D32DF31-08E1-4955-8930-87504FEE1A74}.Debug|Any CPU.Build.0 = Debug|Any CPU
		{5D32DF31-08E1-4955-8930-87504FEE1A74}.Release|Any CPU.ActiveCfg = Release|Any CPU
		{5D32DF31-08E1-4955-8930-87504FEE1A74}.Release|Any CPU.Build.0 = Release|Any CPU
	EndGlobalSection
	GlobalSection(SolutionProperties) = preSolution
		HideSolutionNode = FALSE
	EndGlobalSection
EndGlobal
